
Microsoft Visual Studio Solution File, Format Version 12.00
# Visual Studio Version 16
VisualStudioVersion = 16.0.32228.343
MinimumVisualStudioVersion = 10.0.40219.1
Project("{FAE04EC0-301F-11D3-BF4B-00C04F79EFBC}") = "mvcfinal", "mvcfinal\mvcfinal.csproj", "{31C88615-B4C6-42BD-9C98-B8FBD77E6F00}"
EndProject
Global
	GlobalSection(SolutionConfigurationPlatforms) = preSolution
		Debug|Any CPU = Debug|Any CPU
		Release|Any CPU = Release|Any CPU
	EndGlobalSection
	GlobalSection(ProjectConfigurationPlatforms) = postSolution
		{31C88615-B4C6-42BD-9C98-B8FBD77E6F00}.Debug|Any CPU.ActiveCfg = Debug|Any CPU
		{31C88615-B4C6-42BD-9C98-B8FBD77E6F00}.Debug|Any CPU.Build.0 = Debug|Any CPU
		{31C88615-B4C6-42BD-9C98-B8FBD77E6F00}.Release|Any CPU.ActiveCfg = Release|Any CPU
		{31C88615-B4C6-42BD-9C98-B8FBD77E6F00}.Release|Any CPU.Build.0 = Release|Any CPU
	EndGlobalSection
	GlobalSection(SolutionProperties) = preSolution
		HideSolutionNode = FALSE
	EndGlobalSection
	GlobalSection(ExtensibilityGlobals) = postSolution
		SolutionGuid = {533534A0-F84A-4511-88E6-478A24CAA714}
	EndGlobalSection
EndGlobal
